{
  "name": "legacy-peers-cache-scenario",
  "version": "1.0.0",
  "lockfileVersion": 3,
  "requires": true,
  "packages": {
    "": {
      "name": "legacy-peers-cache-scenario",
      "version": "1.0.0",
      "dependencies": {
        "hello-cache": "1.0.0",
        "legacy-peer-plugin": "file:fixtures/legacy-peer-plugin",
        "peer-host": "file:fixtures/peer-host"
      }
    },
    "fixtures/legacy-peer-plugin": {
      "version": "1.0.0",
      "peerDependencies": {
        "peer-host": "^1.0.0"
      }
    },
    "fixtures/peer-host": {
      "version": "2.0.0"
    },
    "node_modules/hello-cache": {
      "version": "1.0.0",
      "resolved": "http://localhost:8080/hello-cache/-/hello-cache-1.0.0.tgz",
      "integrity": "sha512-d0UhZv75GkwlYHo7lzYkya5STpL8Y4zRgy30ldB0bcwsZnw8R5IgVRFrxt4QG4j43EOPqlVUlyXDBSJABKhu1g=="
    },
    "node_modules/legacy-peer-plugin": {
      "resolved": "fixtures/legacy-peer-plugin",
      "link": true
    },
    "node_modules/peer-host": {
      "resolved": "fixtures/peer-host",
      "link": true
    }
  }
}
