{
  "name": "lockfile-ci-cache-scenario",
  "version": "1.0.0",
  "lockfileVersion": 3,
  "requires": true,
  "packages": {
    "": {
      "name": "lockfile-ci-cache-scenario",
      "version": "1.0.0",
      "dependencies": {
        "@myscope/hello-cache": "1.0.0",
        "hello-cache": "1.0.0"
      }
    },
    "node_modules/@myscope/hello-cache": {
      "version": "1.0.0",
      "resolved": "http://localhost:8080/@myscope/hello-cache/-/hello-cache-1.0.0.tgz",
      "integrity": "sha512-QrVDFnIfQ4t4R/s/MluHnisOo2MRhbuoIB2r+I8+tYB+szKdsB0SAIL/5bLG9T3aE8dWEUMKSwJlXE/GR9KS5g=="
    },
    "node_modules/hello-cache": {
      "version": "1.0.0",
      "resolved": "http://localhost:8080/hello-cache/-/hello-cache-1.0.0.tgz",
      "integrity": "sha512-d0UhZv75GkwlYHo7lzYkya5STpL8Y4zRgy30ldB0bcwsZnw8R5IgVRFrxt4QG4j43EOPqlVUlyXDBSJABKhu1g=="
    }
  }
}
